
Microsoft Visual Studio Solution File, Format Version 12.00
# Visual Studio Version 17
VisualStudioVersion = 17.13.35931.197
MinimumVisualStudioVersion = 10.0.40219.1
Project("{8BC9CEB8-8B4A-11D0-8D11-00A0C91BC942}") = "DataConteiners", "DataConteiners\DataConteiners.vcxproj", "{40E3FF49-21E3-48F6-A307-F07BEF4ABCE4}"
EndProject
Project("{8BC9CEB8-8B4A-11D0-8D11-00A0C91BC942}") = "ForvardList", "ForvardList\ForvardList.vcxproj", "{68283C0C-36DA-4048-9207-C5B838738EC5}"
EndProject
Project("{8BC9CEB8-8B4A-11D0-8D11-00A0C91BC942}") = "List", "List\List.vcxproj", "{78C43CAB-C875-4EC5-9E8A-A1D67FD6B437}"
EndProject
Project("{8BC9CEB8-8B4A-11D0-8D11-00A0C91BC942}") = "Recuresion", "Recuresion\Recuresion.vcxproj", "{12A06E1A-208A-4969-B101-597A90407749}"
EndProject
Project("{8BC9CEB8-8B4A-11D0-8D11-00A0C91BC942}") = "BinaryTree", "BinaryTree\BinaryTree.vcxproj", "{BAC45616-68DA-418D-8A13-E5F64F6E53BC}"
EndProject
Global
	GlobalSection(SolutionConfigurationPlatforms) = preSolution
		Debug|x64 = Debug|x64
		Debug|x86 = Debug|x86
		Release|x64 = Release|x64
		Release|x86 = Release|x86
	EndGlobalSection
	GlobalSection(ProjectConfigurationPlatforms) = postSolution
		{40E3FF49-21E3-48F6-A307-F07BEF4ABCE4}.Debug|x64.ActiveCfg = Debug|x64
		{40E3FF49-21E3-48F6-A307-F07BEF4ABCE4}.Debug|x64.Build.0 = Debug|x64
		{40E3FF49-21E3-48F6-A307-F07BEF4ABCE4}.Debug|x86.ActiveCfg = Debug|Win32
		{40E3FF49-21E3-48F6-A307-F07BEF4ABCE4}.Debug|x86.Build.0 = Debug|Win32
		{40E3FF49-21E3-48F6-A307-F07BEF4ABCE4}.Release|x64.ActiveCfg = Release|x64
		{40E3FF49-21E3-48F6-A307-F07BEF4ABCE4}.Release|x64.Build.0 = Release|x64
		{40E3FF49-21E3-48F6-A307-F07BEF4ABCE4}.Release|x86.ActiveCfg = Release|Win32
		{40E3FF49-21E3-48F6-A307-F07BEF4ABCE4}.Release|x86.Build.0 = Release|Win32
		{68283C0C-36DA-4048-9207-C5B838738EC5}.Debug|x64.ActiveCfg = Debug|x64
		{68283C0C-36DA-4048-9207-C5B838738EC5}.Debug|x64.Build.0 = Debug|x64
		{68283C0C-36DA-4048-9207-C5B838738EC5}.Debug|x86.ActiveCfg = Debug|Win32
		{68283C0C-36DA-4048-9207-C5B838738EC5}.Debug|x86.Build.0 = Debug|Win32
		{68283C0C-36DA-4048-9207-C5B838738EC5}.Release|x64.ActiveCfg = Release|x64
		{68283C0C-36DA-4048-9207-C5B838738EC5}.Release|x64.Build.0 = Release|x64
		{68283C0C-36DA-4048-9207-C5B838738EC5}.Release|x86.ActiveCfg = Release|Win32
		{68283C0C-36DA-4048-9207-C5B838738EC5}.Release|x86.Build.0 = Release|Win32
		{78C43CAB-C875-4EC5-9E8A-A1D67FD6B437}.Debug|x64.ActiveCfg = Debug|x64
		{78C43CAB-C875-4EC5-9E8A-A1D67FD6B437}.Debug|x64.Build.0 = Debug|x64
		{78C43CAB-C875-4EC5-9E8A-A1D67FD6B437}.Debug|x86.ActiveCfg = Debug|Win32
		{78C43CAB-C875-4EC5-9E8A-A1D67FD6B437}.Debug|x86.Build.0 = Debug|Win32
		{78C43CAB-C875-4EC5-9E8A-A1D67FD6B437}.Release|x64.ActiveCfg = Release|x64
		{78C43CAB-C875-4EC5-9E8A-A1D67FD6B437}.Release|x64.Build.0 = Release|x64
		{78C43CAB-C875-4EC5-9E8A-A1D67FD6B437}.Release|x86.ActiveCfg = Release|Win32
		{78C43CAB-C875-4EC5-9E8A-A1D67FD6B437}.Release|x86.Build.0 = Release|Win32
		{12A06E1A-208A-4969-B101-597A90407749}.Debug|x64.ActiveCfg = Debug|x64
		{12A06E1A-208A-4969-B101-597A90407749}.Debug|x64.Build.0 = Debug|x64
		{12A06E1A-208A-4969-B101-597A90407749}.Debug|x86.ActiveCfg = Debug|Win32
		{12A06E1A-208A-4969-B101-597A90407749}.Debug|x86.Build.0 = Debug|Win32
		{12A06E1A-208A-4969-B101-597A90407749}.Release|x64.ActiveCfg = Release|x64
		{12A06E1A-208A-4969-B101-597A90407749}.Release|x64.Build.0 = Release|x64
		{12A06E1A-208A-4969-B101-597A90407749}.Release|x86.ActiveCfg = Release|Win32
		{12A06E1A-208A-4969-B101-597A90407749}.Release|x86.Build.0 = Release|Win32
		{BAC45616-68DA-418D-8A13-E5F64F6E53BC}.Debug|x64.ActiveCfg = Debug|x64
		{BAC45616-68DA-418D-8A13-E5F64F6E53BC}.Debug|x64.Build.0 = Debug|x64
		{BAC45616-68DA-418D-8A13-E5F64F6E53BC}.Debug|x86.ActiveCfg = Debug|Win32
		{BAC45616-68DA-418D-8A13-E5F64F6E53BC}.Debug|x86.Build.0 = Debug|Win32
		{BAC45616-68DA-418D-8A13-E5F64F6E53BC}.Release|x64.ActiveCfg = Release|x64
		{BAC45616-68DA-418D-8A13-E5F64F6E53BC}.Release|x64.Build.0 = Release|x64
		{BAC45616-68DA-418D-8A13-E5F64F6E53BC}.Release|x86.ActiveCfg = Release|Win32
		{BAC45616-68DA-418D-8A13-E5F64F6E53BC}.Release|x86.Build.0 = Release|Win32
	EndGlobalSection
	GlobalSection(SolutionProperties) = preSolution
		HideSolutionNode = FALSE
	EndGlobalSection
	GlobalSection(ExtensibilityGlobals) = postSolution
		SolutionGuid = {8669B583-A2AA-492A-BC59-6CBF59B677F5}
	EndGlobalSection
EndGlobal
